
Microsoft Visual Studio Solution File, Format Version 12.00
Project("{FAE04EC0-301F-11D3-BF4B-00C04F79EFBC}") = "Code_Challenge_5_1", "Code_Challenge_5_1\Code_Challenge_5_1.csproj", "{8207E44F-1C82-43EB-8B18-12D36C1040D7}"
EndProject
Global
	GlobalSection(SolutionConfigurationPlatforms) = preSolution
		Debug|Any CPU = Debug|Any CPU
		Release|Any CPU = Release|Any CPU
	EndGlobalSection
	GlobalSection(ProjectConfigurationPlatforms) = postSolution
		{8207E44F-1C82-43EB-8B18-12D36C1040D7}.Debug|Any CPU.ActiveCfg = Debug|Any CPU
		{8207E44F-1C82-43EB-8B18-12D36C1040D7}.Debug|Any CPU.Build.0 = Debug|Any CPU
		{8207E44F-1C82-43EB-8B18-12D36C1040D7}.Release|Any CPU.ActiveCfg = Release|Any CPU
		{8207E44F-1C82-43EB-8B18-12D36C1040D7}.Release|Any CPU.Build.0 = Release|Any CPU
	EndGlobalSection
EndGlobal
